// !$*UTF8*$!
{
	archiveVersion = 1;
	classes = {
	};
	objectVersion = 50;
	objects = {

/* Begin PBXBuildFile section */
		3E2A29C4220F6F1B00B4CFAB /* QLDataHandler.framework in Frameworks */ = {isa = PBXBuildFile; fileRef = 3E2A29BA220F6F1A00B4CFAB /* QLDataHandler.framework */; };
		3E2A29C9220F6F1B00B4CFAB /* QLDataHandlerTests.swift in Sources */ = {isa = PBXBuildFile; fileRef = 3E2A29C8220F6F1B00B4CFAB /* QLDataHandlerTests.swift */; };
		3E2A29CB220F6F1B00B4CFAB /* QLDataHandler.h in Headers */ = {isa = PBXBuildFile; fileRef = 3E2A29BD220F6F1A00B4CFAB /* QLDataHandler.h */; settings = {ATTRIBUTES = (Public, ); }; };
		3E2A29D5220F6F4500B4CFAB /* SearchDataEngine.swift in Sources */ = {isa = PBXBuildFile; fileRef = 3E2A29D4220F6F4500B4CFAB /* SearchDataEngine.swift */; };
		3E2A29D7220F6F5600B4CFAB /* AlgoliaDataHandler.swift in Sources */ = {isa = PBXBuildFile; fileRef = 3E2A29D6220F6F5600B4CFAB /* AlgoliaDataHandler.swift */; };
		3E2A29D9220F6F6900B4CFAB /* DataBaseHandler.swift in Sources */ = {isa = PBXBuildFile; fileRef = 3E2A29D8220F6F6900B4CFAB /* DataBaseHandler.swift */; };
		3E2A29DB220F6F7D00B4CFAB /* ReactiveSwiftEventHandler.swift in Sources */ = {isa = PBXBuildFile; fileRef = 3E2A29DA220F6F7D00B4CFAB /* ReactiveSwiftEventHandler.swift */; };
		A29079C88E54A1D884DB3709 /* Pods_QLDataHandlerTests.framework in Frameworks */ = {isa = PBXBuildFile; fileRef = AF470CA85A7D1B7DD6E6DE6E /* Pods_QLDataHandlerTests.framework */; };
		E6807AF5C2254BB29245B90E /* Pods_QLDataHandler.framework in Frameworks */ = {isa = PBXBuildFile; fileRef = 0650E4A6A9B1014A5EC2050C /* Pods_QLDataHandler.framework */; };
/* End PBXBuildFile section */

/* Begin PBXContainerItemProxy section */
		3E2A29C5220F6F1B00B4CFAB /* PBXContainerItemProxy */ = {
			isa = PBXContainerItemProxy;
			containerPortal = 3E2A29B1220F6F1A00B4CFAB /* Project object */;
			proxyType = 1;
			remoteGlobalIDString = 3E2A29B9220F6F1A00B4CFAB;
			remoteInfo = QLDataHandler;
		};
/* End PBXContainerItemProxy section */

/* Begin PBXFileReference section */
		0650E4A6A9B1014A5EC2050C /* Pods_QLDataHandler.framework */ = {isa = PBXFileReference; explicitFileType = wrapper.framework; includeInIndex = 0; path = Pods_QLDataHandler.framework; sourceTree = BUILT_PRODUCTS_DIR; };
		1912B5F6CA96BD26577CFCFB /* Pods-QLDataHandler.debug.xcconfig */ = {isa = PBXFileReference; includeInIndex = 1; lastKnownFileType = text.xcconfig; name = "Pods-QLDataHandler.debug.xcconfig"; path = "Pods/Target Support Files/Pods-QLDataHandler/Pods-QLDataHandler.debug.xcconfig"; sourceTree = "<group>"; };
		3E2A29BA220F6F1A00B4CFAB /* QLDataHandler.framework */ = {isa = PBXFileReference; explicitFileType = wrapper.framework; includeInIndex = 0; path = QLDataHandler.framework; sourceTree = BUILT_PRODUCTS_DIR; };
		3E2A29BD220F6F1A00B4CFAB /* QLDataHandler.h */ = {isa = PBXFileReference; lastKnownFileType = sourcecode.c.h; path = QLDataHandler.h; sourceTree = "<group>"; };
		3E2A29BE220F6F1A00B4CFAB /* Info.plist */ = {isa = PBXFileReference; lastKnownFileType = text.plist.xml; path = Info.plist; sourceTree = "<group>"; };
		3E2A29C3220F6F1B00B4CFAB /* QLDataHandlerTests.xctest */ = {isa = PBXFileReference; explicitFileType = wrapper.cfbundle; includeInIndex = 0; path = QLDataHandlerTests.xctest; sourceTree = BUILT_PRODUCTS_DIR; };
		3E2A29C8220F6F1B00B4CFAB /* QLDataHandlerTests.swift */ = {isa = PBXFileReference; lastKnownFileType = sourcecode.swift; path = QLDataHandlerTests.swift; sourceTree = "<group>"; };
		3E2A29CA220F6F1B00B4CFAB /* Info.plist */ = {isa = PBXFileReference; lastKnownFileType = text.plist.xml; path = Info.plist; sourceTree = "<group>"; };
		3E2A29D4220F6F4500B4CFAB /* SearchDataEngine.swift */ = {isa = PBXFileReference; lastKnownFileType = sourcecode.swift; path = SearchDataEngine.swift; sourceTree = "<group>"; };
		3E2A29D6220F6F5600B4CFAB /* AlgoliaDataHandler.swift */ = {isa = PBXFileReference; lastKnownFileType = sourcecode.swift; path = AlgoliaDataHandler.swift; sourceTree = "<group>"; };
		3E2A29D8220F6F6900B4CFAB /* DataBaseHandler.swift */ = {isa = PBXFileReference; lastKnownFileType = sourcecode.swift; path = DataBaseHandler.swift; sourceTree = "<group>"; };
		3E2A29DA220F6F7D00B4CFAB /* ReactiveSwiftEventHandler.swift */ = {isa = PBXFileReference; lastKnownFileType = sourcecode.swift; path = ReactiveSwiftEventHandler.swift; sourceTree = "<group>"; };
		6F72EF8355688E792EDF17EB /* Pods-QLDataHandlerTests.debug.xcconfig */ = {isa = PBXFileReference; includeInIndex = 1; lastKnownFileType = text.xcconfig; name = "Pods-QLDataHandlerTests.debug.xcconfig"; path = "Pods/Target Support Files/Pods-QLDataHandlerTests/Pods-QLDataHandlerTests.debug.xcconfig"; sourceTree = "<group>"; };
		A113F353B6A801176C37384B /* Pods-QLDataHandler.release.xcconfig */ = {isa = PBXFileReference; includeInIndex = 1; lastKnownFileType = text.xcconfig; name = "Pods-QLDataHandler.release.xcconfig"; path = "Pods/Target Support Files/Pods-QLDataHandler/Pods-QLDataHandler.release.xcconfig"; sourceTree = "<group>"; };
		AF470CA85A7D1B7DD6E6DE6E /* Pods_QLDataHandlerTests.framework */ = {isa = PBXFileReference; explicitFileType = wrapper.framework; includeInIndex = 0; path = Pods_QLDataHandlerTests.framework; sourceTree = BUILT_PRODUCTS_DIR; };
		C3CD4EB2F8EFB333A709976C /* Pods-QLDataHandlerTests.release.xcconfig */ = {isa = PBXFileReference; includeInIndex = 1; lastKnownFileType = text.xcconfig; name = "Pods-QLDataHandlerTests.release.xcconfig"; path = "Pods/Target Support Files/Pods-QLDataHandlerTests/Pods-QLDataHandlerTests.release.xcconfig"; sourceTree = "<group>"; };
/* End PBXFileReference section */

/* Begin PBXFrameworksBuildPhase section */
		3E2A29B7220F6F1A00B4CFAB /* Frameworks */ = {
			isa = PBXFrameworksBuildPhase;
			buildActionMask = 2147483647;
			files = (
				E6807AF5C2254BB29245B90E /* Pods_QLDataHandler.framework in Frameworks */,
			);
			runOnlyForDeploymentPostprocessing = 0;
		};
		3E2A29C0220F6F1B00B4CFAB /* Frameworks */ = {
			isa = PBXFrameworksBuildPhase;
			buildActionMask = 2147483647;
			files = (
				3E2A29C4220F6F1B00B4CFAB /* QLDataHandler.framework in Frameworks */,
				A29079C88E54A1D884DB3709 /* Pods_QLDataHandlerTests.framework in Frameworks */,
			);
			runOnlyForDeploymentPostprocessing = 0;
		};
/* End PBXFrameworksBuildPhase section */

/* Begin PBXGroup section */
		3E2A29B0220F6F1A00B4CFAB = {
			isa = PBXGroup;
			children = (
				3E2A29BC220F6F1A00B4CFAB /* QLDataHandler */,
				3E2A29C7220F6F1B00B4CFAB /* QLDataHandlerTests */,
				3E2A29BB220F6F1A00B4CFAB /* Products */,
				8B1CA580394800EAFC0B007F /* Pods */,
				91743E0A7FF09074C047F287 /* Frameworks */,
			);
			sourceTree = "<group>";
		};
		3E2A29BB220F6F1A00B4CFAB /* Products */ = {
			isa = PBXGroup;
			children = (
				3E2A29BA220F6F1A00B4CFAB /* QLDataHandler.framework */,
				3E2A29C3220F6F1B00B4CFAB /* QLDataHandlerTests.xctest */,
			);
			name = Products;
			sourceTree = "<group>";
		};
		3E2A29BC220F6F1A00B4CFAB /* QLDataHandler */ = {
			isa = PBXGroup;
			children = (
				3E2A29BD220F6F1A00B4CFAB /* QLDataHandler.h */,
				3E2A29BE220F6F1A00B4CFAB /* Info.plist */,
				3E2A29D4220F6F4500B4CFAB /* SearchDataEngine.swift */,
				3E2A29D6220F6F5600B4CFAB /* AlgoliaDataHandler.swift */,
				3E2A29D8220F6F6900B4CFAB /* DataBaseHandler.swift */,
				3E2A29DA220F6F7D00B4CFAB /* ReactiveSwiftEventHandler.swift */,
			);
			path = QLDataHandler;
			sourceTree = "<group>";
		};
		3E2A29C7220F6F1B00B4CFAB /* QLDataHandlerTests */ = {
			isa = PBXGroup;
			children = (
				3E2A29C8220F6F1B00B4CFAB /* QLDataHandlerTests.swift */,
				3E2A29CA220F6F1B00B4CFAB /* Info.plist */,
			);
			path = QLDataHandlerTests;
			sourceTree = "<group>";
		};
		8B1CA580394800EAFC0B007F /* Pods */ = {
			isa = PBXGroup;
			children = (
				1912B5F6CA96BD26577CFCFB /* Pods-QLDataHandler.debug.xcconfig */,
				A113F353B6A801176C37384B /* Pods-QLDataHandler.release.xcconfig */,
				6F72EF8355688E792EDF17EB /* Pods-QLDataHandlerTests.debug.xcconfig */,
				C3CD4EB2F8EFB333A709976C /* Pods-QLDataHandlerTests.release.xcconfig */,
			);
			name = Pods;
			sourceTree = "<group>";
		};
		91743E0A7FF09074C047F287 /* Frameworks */ = {
			isa = PBXGroup;
			children = (
				0650E4A6A9B1014A5EC2050C /* Pods_QLDataHandler.framework */,
				AF470CA85A7D1B7DD6E6DE6E /* Pods_QLDataHandlerTests.framework */,
			);
			name = Frameworks;
			sourceTree = "<group>";
		};
/* End PBXGroup section */

/* Begin PBXHeadersBuildPhase section */
		3E2A29B5220F6F1A00B4CFAB /* Headers */ = {
			isa = PBXHeadersBuildPhase;
			buildActionMask = 2147483647;
			files = (
				3E2A29CB220F6F1B00B4CFAB /* QLDataHandler.h in Headers */,
			);
			runOnlyForDeploymentPostprocessing = 0;
		};
/* End PBXHeadersBuildPhase section */

/* Begin PBXNativeTarget section */
		3E2A29B9220F6F1A00B4CFAB /* QLDataHandler */ = {
			isa = PBXNativeTarget;
			buildConfigurationList = 3E2A29CE220F6F1B00B4CFAB /* Build configuration list for PBXNativeTarget "QLDataHandler" */;
			buildPhases = (
				52A49D6F39E3FFE3E59DB007 /* [CP] Check Pods Manifest.lock */,
				3E2A29B5220F6F1A00B4CFAB /* Headers */,
				3E2A29B6220F6F1A00B4CFAB /* Sources */,
				3E2A29B7220F6F1A00B4CFAB /* Frameworks */,
				3E2A29B8220F6F1A00B4CFAB /* Resources */,
			);
			buildRules = (
			);
			dependencies = (
			);
			name = QLDataHandler;
			productName = QLDataHandler;
			productReference = 3E2A29BA220F6F1A00B4CFAB /* QLDataHandler.framework */;
			productType = "com.apple.product-type.framework";
		};
		3E2A29C2220F6F1B00B4CFAB /* QLDataHandlerTests */ = {
			isa = PBXNativeTarget;
			buildConfigurationList = 3E2A29D1220F6F1B00B4CFAB /* Build configuration list for PBXNativeTarget "QLDataHandlerTests" */;
			buildPhases = (
				51E4B37D70582249C18F9998 /* [CP] Check Pods Manifest.lock */,
				3E2A29BF220F6F1B00B4CFAB /* Sources */,
				3E2A29C0220F6F1B00B4CFAB /* Frameworks */,
				3E2A29C1220F6F1B00B4CFAB /* Resources */,
				30C4B6AC6D8795A149208725 /* [CP] Embed Pods Frameworks */,
			);
			buildRules = (
			);
			dependencies = (
				3E2A29C6220F6F1B00B4CFAB /* PBXTargetDependency */,
			);
			name = QLDataHandlerTests;
			productName = QLDataHandlerTests;
			productReference = 3E2A29C3220F6F1B00B4CFAB /* QLDataHandlerTests.xctest */;
			productType = "com.apple.product-type.bundle.unit-test";
		};
/* End PBXNativeTarget section */

/* Begin PBXProject section */
		3E2A29B1220F6F1A00B4CFAB /* Project object */ = {
			isa = PBXProject;
			attributes = {
				LastSwiftUpdateCheck = 1010;
				LastUpgradeCheck = 1010;
				ORGANIZATIONNAME = "Quentin Liardeaux";
				TargetAttributes = {
					3E2A29B9220F6F1A00B4CFAB = {
						CreatedOnToolsVersion = 10.1;
						LastSwiftMigration = 1010;
					};
					3E2A29C2220F6F1B00B4CFAB = {
						CreatedOnToolsVersion = 10.1;
					};
				};
			};
			buildConfigurationList = 3E2A29B4220F6F1A00B4CFAB /* Build configuration list for PBXProject "QLDataHandler" */;
			compatibilityVersion = "Xcode 9.3";
			developmentRegion = en;
			hasScannedForEncodings = 0;
			knownRegions = (
				en,
			);
			mainGroup = 3E2A29B0220F6F1A00B4CFAB;
			productRefGroup = 3E2A29BB220F6F1A00B4CFAB /* Products */;
			projectDirPath = "";
			projectRoot = "";
			targets = (
				3E2A29B9220F6F1A00B4CFAB /* QLDataHandler */,
				3E2A29C2220F6F1B00B4CFAB /* QLDataHandlerTests */,
			);
		};
/* End PBXProject section */

/* Begin PBXResourcesBuildPhase section */
		3E2A29B8220F6F1A00B4CFAB /* Resources */ = {
			isa = PBXResourcesBuildPhase;
			buildActionMask = 2147483647;
			files = (
			);
			runOnlyForDeploymentPostprocessing = 0;
		};
		3E2A29C1220F6F1B00B4CFAB /* Resources */ = {
			isa = PBXResourcesBuildPhase;
			buildActionMask = 2147483647;
			files = (
			);
			runOnlyForDeploymentPostprocessing = 0;
		};
/* End PBXResourcesBuildPhase section */

/* Begin PBXShellScriptBuildPhase section */
		30C4B6AC6D8795A149208725 /* [CP] Embed Pods Frameworks */ = {
			isa = PBXShellScriptBuildPhase;
			buildActionMask = 2147483647;
			files = (
			);
			inputFileListPaths = (
			);
			inputPaths = (
				"${SRCROOT}/Pods/Target Support Files/Pods-QLDataHandlerTests/Pods-QLDataHandlerTests-frameworks.sh",
				"${BUILT_PRODUCTS_DIR}/AlgoliaSearch-Client-Swift/AlgoliaSearch.framework",
				"${BUILT_PRODUCTS_DIR}/BoringSSL-GRPC/openssl_grpc.framework",
				"${BUILT_PRODUCTS_DIR}/GTMSessionFetcher/GTMSessionFetcher.framework",
				"${BUILT_PRODUCTS_DIR}/GoogleToolboxForMac/GoogleToolboxForMac.framework",
				"${BUILT_PRODUCTS_DIR}/InstantSearchClient/InstantSearchClient.framework",
				"${BUILT_PRODUCTS_DIR}/Protobuf/Protobuf.framework",
				"${BUILT_PRODUCTS_DIR}/RxAtomic/RxAtomic.framework",
				"${BUILT_PRODUCTS_DIR}/RxCocoa/RxCocoa.framework",
				"${BUILT_PRODUCTS_DIR}/RxSwift/RxSwift.framework",
				"${BUILT_PRODUCTS_DIR}/gRPC/GRPCClient.framework",
				"${BUILT_PRODUCTS_DIR}/gRPC-Core/grpc.framework",
				"${BUILT_PRODUCTS_DIR}/gRPC-ProtoRPC/ProtoRPC.framework",
				"${BUILT_PRODUCTS_DIR}/gRPC-RxLibrary/RxLibrary.framework",
				"${BUILT_PRODUCTS_DIR}/leveldb-library/leveldb.framework",
				"${BUILT_PRODUCTS_DIR}/nanopb/nanopb.framework",
			);
			name = "[CP] Embed Pods Frameworks";
			outputFileListPaths = (
			);
			outputPaths = (
				"${TARGET_BUILD_DIR}/${FRAMEWORKS_FOLDER_PATH}/AlgoliaSearch.framework",
				"${TARGET_BUILD_DIR}/${FRAMEWORKS_FOLDER_PATH}/openssl_grpc.framework",
				"${TARGET_BUILD_DIR}/${FRAMEWORKS_FOLDER_PATH}/GTMSessionFetcher.framework",
				"${TARGET_BUILD_DIR}/${FRAMEWORKS_FOLDER_PATH}/GoogleToolboxForMac.framework",
				"${TARGET_BUILD_DIR}/${FRAMEWORKS_FOLDER_PATH}/InstantSearchClient.framework",
				"${TARGET_BUILD_DIR}/${FRAMEWORKS_FOLDER_PATH}/Protobuf.framework",
				"${TARGET_BUILD_DIR}/${FRAMEWORKS_FOLDER_PATH}/RxAtomic.framework",
				"${TARGET_BUILD_DIR}/${FRAMEWORKS_FOLDER_PATH}/RxCocoa.framework",
				"${TARGET_BUILD_DIR}/${FRAMEWORKS_FOLDER_PATH}/RxSwift.framework",
				"${TARGET_BUILD_DIR}/${FRAMEWORKS_FOLDER_PATH}/GRPCClient.framework",
				"${TARGET_BUILD_DIR}/${FRAMEWORKS_FOLDER_PATH}/grpc.framework",
				"${TARGET_BUILD_DIR}/${FRAMEWORKS_FOLDER_PATH}/ProtoRPC.framework",
				"${TARGET_BUILD_DIR}/${FRAMEWORKS_FOLDER_PATH}/RxLibrary.framework",
				"${TARGET_BUILD_DIR}/${FRAMEWORKS_FOLDER_PATH}/leveldb.framework",
				"${TARGET_BUILD_DIR}/${FRAMEWORKS_FOLDER_PATH}/nanopb.framework",
			);
			runOnlyForDeploymentPostprocessing = 0;
			shellPath = /bin/sh;
			shellScript = "\"${SRCROOT}/Pods/Target Support Files/Pods-QLDataHandlerTests/Pods-QLDataHandlerTests-frameworks.sh\"\n";
			showEnvVarsInLog = 0;
		};
		51E4B37D70582249C18F9998 /* [CP] Check Pods Manifest.lock */ = {
			isa = PBXShellScriptBuildPhase;
			buildActionMask = 2147483647;
			files = (
			);
			inputFileListPaths = (
			);
			inputPaths = (
				"${PODS_PODFILE_DIR_PATH}/Podfile.lock",
				"${PODS_ROOT}/Manifest.lock",
			);
			name = "[CP] Check Pods Manifest.lock";
			outputFileListPaths = (
			);
			outputPaths = (
				"$(DERIVED_FILE_DIR)/Pods-QLDataHandlerTests-checkManifestLockResult.txt",
			);
			runOnlyForDeploymentPostprocessing = 0;
			shellPath = /bin/sh;
			shellScript = "diff \"${PODS_PODFILE_DIR_PATH}/Podfile.lock\" \"${PODS_ROOT}/Manifest.lock\" > /dev/null\nif [ $? != 0 ] ; then\n    # print error to STDERR\n    echo \"error: The sandbox is not in sync with the Podfile.lock. Run 'pod install' or update your CocoaPods installation.\" >&2\n    exit 1\nfi\n# This output is used by Xcode 'outputs' to avoid re-running this script phase.\necho \"SUCCESS\" > \"${SCRIPT_OUTPUT_FILE_0}\"\n";
			showEnvVarsInLog = 0;
		};
		52A49D6F39E3FFE3E59DB007 /* [CP] Check Pods Manifest.lock */ = {
			isa = PBXShellScriptBuildPhase;
			buildActionMask = 2147483647;
			files = (
			);
			inputFileListPaths = (
			);
			inputPaths = (
				"${PODS_PODFILE_DIR_PATH}/Podfile.lock",
				"${PODS_ROOT}/Manifest.lock",
			);
			name = "[CP] Check Pods Manifest.lock";
			outputFileListPaths = (
			);
			outputPaths = (
				"$(DERIVED_FILE_DIR)/Pods-QLDataHandler-checkManifestLockResult.txt",
			);
			runOnlyForDeploymentPostprocessing = 0;
			shellPath = /bin/sh;
			shellScript = "diff \"${PODS_PODFILE_DIR_PATH}/Podfile.lock\" \"${PODS_ROOT}/Manifest.lock\" > /dev/null\nif [ $? != 0 ] ; then\n    # print error to STDERR\n    echo \"error: The sandbox is not in sync with the Podfile.lock. Run 'pod install' or update your CocoaPods installation.\" >&2\n    exit 1\nfi\n# This output is used by Xcode 'outputs' to avoid re-running this script phase.\necho \"SUCCESS\" > \"${SCRIPT_OUTPUT_FILE_0}\"\n";
			showEnvVarsInLog = 0;
		};
/* End PBXShellScriptBuildPhase section */

/* Begin PBXSourcesBuildPhase section */
		3E2A29B6220F6F1A00B4CFAB /* Sources */ = {
			isa = PBXSourcesBuildPhase;
			buildActionMask = 2147483647;
			files = (
				3E2A29D7220F6F5600B4CFAB /* AlgoliaDataHandler.swift in Sources */,
				3E2A29D5220F6F4500B4CFAB /* SearchDataEngine.swift in Sources */,
				3E2A29DB220F6F7D00B4CFAB /* ReactiveSwiftEventHandler.swift in Sources */,
				3E2A29D9220F6F6900B4CFAB /* DataBaseHandler.swift in Sources */,
			);
			runOnlyForDeploymentPostprocessing = 0;
		};
		3E2A29BF220F6F1B00B4CFAB /* Sources */ = {
			isa = PBXSourcesBuildPhase;
			buildActionMask = 2147483647;
			files = (
				3E2A29C9220F6F1B00B4CFAB /* QLDataHandlerTests.swift in Sources */,
			);
			runOnlyForDeploymentPostprocessing = 0;
		};
/* End PBXSourcesBuildPhase section */

/* Begin PBXTargetDependency section */
		3E2A29C6220F6F1B00B4CFAB /* PBXTargetDependency */ = {
			isa = PBXTargetDependency;
			target = 3E2A29B9220F6F1A00B4CFAB /* QLDataHandler */;
			targetProxy = 3E2A29C5220F6F1B00B4CFAB /* PBXContainerItemProxy */;
		};
/* End PBXTargetDependency section */

/* Begin XCBuildConfiguration section */
		3E2A29CC220F6F1B00B4CFAB /* Debug */ = {
			isa = XCBuildConfiguration;
			buildSettings = {
				ALWAYS_SEARCH_USER_PATHS = NO;
				CLANG_ANALYZER_NONNULL = YES;
				CLANG_ANALYZER_NUMBER_OBJECT_CONVERSION = YES_AGGRESSIVE;
				CLANG_CXX_LANGUAGE_STANDARD = "gnu++14";
				CLANG_CXX_LIBRARY = "libc++";
				CLANG_ENABLE_MODULES = YES;
				CLANG_ENABLE_OBJC_ARC = YES;
				CLANG_ENABLE_OBJC_WEAK = YES;
				CLANG_WARN_BLOCK_CAPTURE_AUTORELEASING = YES;
				CLANG_WARN_BOOL_CONVERSION = YES;
				CLANG_WARN_COMMA = YES;
				CLANG_WARN_CONSTANT_CONVERSION = YES;
				CLANG_WARN_DEPRECATED_OBJC_IMPLEMENTATIONS = YES;
				CLANG_WARN_DIRECT_OBJC_ISA_USAGE = YES_ERROR;
				CLANG_WARN_DOCUMENTATION_COMMENTS = YES;
				CLANG_WARN_EMPTY_BODY = YES;
				CLANG_WARN_ENUM_CONVERSION = YES;
				CLANG_WARN_INFINITE_RECURSION = YES;
				CLANG_WARN_INT_CONVERSION = YES;
				CLANG_WARN_NON_LITERAL_NULL_CONVERSION = YES;
				CLANG_WARN_OBJC_IMPLICIT_RETAIN_SELF = YES;
				CLANG_WARN_OBJC_LITERAL_CONVERSION = YES;
				CLANG_WARN_OBJC_ROOT_CLASS = YES_ERROR;
				CLANG_WARN_RANGE_LOOP_ANALYSIS = YES;
				CLANG_WARN_STRICT_PROTOTYPES = YES;
				CLANG_WARN_SUSPICIOUS_MOVE = YES;
				CLANG_WARN_UNGUARDED_AVAILABILITY = YES_AGGRESSIVE;
				CLANG_WARN_UNREACHABLE_CODE = YES;
				CLANG_WARN__DUPLICATE_METHOD_MATCH = YES;
				CODE_SIGN_IDENTITY = "iPhone Developer";
				COPY_PHASE_STRIP = NO;
				CURRENT_PROJECT_VERSION = 1;
				DEBUG_INFORMATION_FORMAT = dwarf;
				ENABLE_STRICT_OBJC_MSGSEND = YES;
				ENABLE_TESTABILITY = YES;
				GCC_C_LANGUAGE_STANDARD = gnu11;
				GCC_DYNAMIC_NO_PIC = NO;
				GCC_NO_COMMON_BLOCKS = YES;
				GCC_OPTIMIZATION_LEVEL = 0;
				GCC_PREPROCESSOR_DEFINITIONS = (
					"DEBUG=1",
					"$(inherited)",
				);
				GCC_WARN_64_TO_32_BIT_CONVERSION = YES;
				GCC_WARN_ABOUT_RETURN_TYPE = YES_ERROR;
				GCC_WARN_UNDECLARED_SELECTOR = YES;
				GCC_WARN_UNINITIALIZED_AUTOS = YES_AGGRESSIVE;
				GCC_WARN_UNUSED_FUNCTION = YES;
				GCC_WARN_UNUSED_VARIABLE = YES;
				IPHONEOS_DEPLOYMENT_TARGET = 12.1;
				MTL_ENABLE_DEBUG_INFO = INCLUDE_SOURCE;
				MTL_FAST_MATH = YES;
				ONLY_ACTIVE_ARCH = YES;
				SDKROOT = iphoneos;
				SWIFT_ACTIVE_COMPILATION_CONDITIONS = DEBUG;
				SWIFT_OPTIMIZATION_LEVEL = "-Onone";
				VERSIONING_SYSTEM = "apple-generic";
				VERSION_INFO_PREFIX = "";
			};
			name = Debug;
		};
		3E2A29CD220F6F1B00B4CFAB /* Release */ = {
			isa = XCBuildConfiguration;
			buildSettings = {
				ALWAYS_SEARCH_USER_PATHS = NO;
				CLANG_ANALYZER_NONNULL = YES;
				CLANG_ANALYZER_NUMBER_OBJECT_CONVERSION = YES_AGGRESSIVE;
				CLANG_CXX_LANGUAGE_STANDARD = "gnu++14";
				CLANG_CXX_LIBRARY = "libc++";
				CLANG_ENABLE_MODULES = YES;
				CLANG_ENABLE_OBJC_ARC = YES;
				CLANG_ENABLE_OBJC_WEAK = YES;
				CLANG_WARN_BLOCK_CAPTURE_AUTORELEASING = YES;
				CLANG_WARN_BOOL_CONVERSION = YES;
				CLANG_WARN_COMMA = YES;
				CLANG_WARN_CONSTANT_CONVERSION = YES;
				CLANG_WARN_DEPRECATED_OBJC_IMPLEMENTATIONS = YES;
				CLANG_WARN_DIRECT_OBJC_ISA_USAGE = YES_ERROR;
				CLANG_WARN_DOCUMENTATION_COMMENTS = YES;
				CLANG_WARN_EMPTY_BODY = YES;
				CLANG_WARN_ENUM_CONVERSION = YES;
				CLANG_WARN_INFINITE_RECURSION = YES;
				CLANG_WARN_INT_CONVERSION = YES;
				CLANG_WARN_NON_LITERAL_NULL_CONVERSION = YES;
				CLANG_WARN_OBJC_IMPLICIT_RETAIN_SELF = YES;
				CLANG_WARN_OBJC_LITERAL_CONVERSION = YES;
				CLANG_WARN_OBJC_ROOT_CLASS = YES_ERROR;
				CLANG_WARN_RANGE_LOOP_ANALYSIS = YES;
				CLANG_WARN_STRICT_PROTOTYPES = YES;
				CLANG_WARN_SUSPICIOUS_MOVE = YES;
				CLANG_WARN_UNGUARDED_AVAILABILITY = YES_AGGRESSIVE;
				CLANG_WARN_UNREACHABLE_CODE = YES;
				CLANG_WARN__DUPLICATE_METHOD_MATCH = YES;
				CODE_SIGN_IDENTITY = "iPhone Developer";
				COPY_PHASE_STRIP = NO;
				CURRENT_PROJECT_VERSION = 1;
				DEBUG_INFORMATION_FORMAT = "dwarf-with-dsym";
				ENABLE_NS_ASSERTIONS = NO;
				ENABLE_STRICT_OBJC_MSGSEND = YES;
				GCC_C_LANGUAGE_STANDARD = gnu11;
				GCC_NO_COMMON_BLOCKS = YES;
				GCC_WARN_64_TO_32_BIT_CONVERSION = YES;
				GCC_WARN_ABOUT_RETURN_TYPE = YES_ERROR;
				GCC_WARN_UNDECLARED_SELECTOR = YES;
				GCC_WARN_UNINITIALIZED_AUTOS = YES_AGGRESSIVE;
				GCC_WARN_UNUSED_FUNCTION = YES;
				GCC_WARN_UNUSED_VARIABLE = YES;
				IPHONEOS_DEPLOYMENT_TARGET = 12.1;
				MTL_ENABLE_DEBUG_INFO = NO;
				MTL_FAST_MATH = YES;
				SDKROOT = iphoneos;
				SWIFT_COMPILATION_MODE = wholemodule;
				SWIFT_OPTIMIZATION_LEVEL = "-O";
				VALIDATE_PRODUCT = YES;
				VERSIONING_SYSTEM = "apple-generic";
				VERSION_INFO_PREFIX = "";
			};
			name = Release;
		};
		3E2A29CF220F6F1B00B4CFAB /* Debug */ = {
			isa = XCBuildConfiguration;
			baseConfigurationReference = 1912B5F6CA96BD26577CFCFB /* Pods-QLDataHandler.debug.xcconfig */;
			buildSettings = {
				CLANG_ENABLE_MODULES = YES;
				CODE_SIGN_IDENTITY = "";
				CODE_SIGN_STYLE = Automatic;
				DEFINES_MODULE = YES;
				DEVELOPMENT_TEAM = CEN5H5W6GV;
				DYLIB_COMPATIBILITY_VERSION = 1;
				DYLIB_CURRENT_VERSION = 1;
				DYLIB_INSTALL_NAME_BASE = "@rpath";
				INFOPLIST_FILE = QLDataHandler/Info.plist;
				INSTALL_PATH = "$(LOCAL_LIBRARY_DIR)/Frameworks";
				LD_RUNPATH_SEARCH_PATHS = (
					"$(inherited)",
					"@executable_path/Frameworks",
					"@loader_path/Frameworks",
				);
				PRODUCT_BUNDLE_IDENTIFIER = com.quentin.liardeaux.QLDataHandler;
				PRODUCT_NAME = "$(TARGET_NAME:c99extidentifier)";
				SKIP_INSTALL = YES;
				SWIFT_OPTIMIZATION_LEVEL = "-Onone";
				SWIFT_VERSION = 4.2;
				TARGETED_DEVICE_FAMILY = "1,2";
			};
			name = Debug;
		};
		3E2A29D0220F6F1B00B4CFAB /* Release */ = {
			isa = XCBuildConfiguration;
			baseConfigurationReference = A113F353B6A801176C37384B /* Pods-QLDataHandler.release.xcconfig */;
			buildSettings = {
				CLANG_ENABLE_MODULES = YES;
				CODE_SIGN_IDENTITY = "";
				CODE_SIGN_STYLE = Automatic;
				DEFINES_MODULE = YES;
				DEVELOPMENT_TEAM = CEN5H5W6GV;
				DYLIB_COMPATIBILITY_VERSION = 1;
				DYLIB_CURRENT_VERSION = 1;
				DYLIB_INSTALL_NAME_BASE = "@rpath";
				INFOPLIST_FILE = QLDataHandler/Info.plist;
				INSTALL_PATH = "$(LOCAL_LIBRARY_DIR)/Frameworks";
				LD_RUNPATH_SEARCH_PATHS = (
					"$(inherited)",
					"@executable_path/Frameworks",
					"@loader_path/Frameworks",
				);
				PRODUCT_BUNDLE_IDENTIFIER = com.quentin.liardeaux.QLDataHandler;
				PRODUCT_NAME = "$(TARGET_NAME:c99extidentifier)";
				SKIP_INSTALL = YES;
				SWIFT_VERSION = 4.2;
				TARGETED_DEVICE_FAMILY = "1,2";
			};
			name = Release;
		};
		3E2A29D2220F6F1B00B4CFAB /* Debug */ = {
			isa = XCBuildConfiguration;
			baseConfigurationReference = 6F72EF8355688E792EDF17EB /* Pods-QLDataHandlerTests.debug.xcconfig */;
			buildSettings = {
				ALWAYS_EMBED_SWIFT_STANDARD_LIBRARIES = YES;
				CODE_SIGN_STYLE = Automatic;
				DEVELOPMENT_TEAM = CEN5H5W6GV;
				INFOPLIST_FILE = QLDataHandlerTests/Info.plist;
				LD_RUNPATH_SEARCH_PATHS = (
					"$(inherited)",
					"@executable_path/Frameworks",
					"@loader_path/Frameworks",
				);
				PRODUCT_BUNDLE_IDENTIFIER = com.quentin.liardeaux.QLDataHandlerTests;
				PRODUCT_NAME = "$(TARGET_NAME)";
				SWIFT_VERSION = 4.2;
				TARGETED_DEVICE_FAMILY = "1,2";
			};
			name = Debug;
		};
		3E2A29D3220F6F1B00B4CFAB /* Release */ = {
			isa = XCBuildConfiguration;
			baseConfigurationReference = C3CD4EB2F8EFB333A709976C /* Pods-QLDataHandlerTests.release.xcconfig */;
			buildSettings = {
				ALWAYS_EMBED_SWIFT_STANDARD_LIBRARIES = YES;
				CODE_SIGN_STYLE = Automatic;
				DEVELOPMENT_TEAM = CEN5H5W6GV;
				INFOPLIST_FILE = QLDataHandlerTests/Info.plist;
				LD_RUNPATH_SEARCH_PATHS = (
					"$(inherited)",
					"@executable_path/Frameworks",
					"@loader_path/Frameworks",
				);
				PRODUCT_BUNDLE_IDENTIFIER = com.quentin.liardeaux.QLDataHandlerTests;
				PRODUCT_NAME = "$(TARGET_NAME)";
				SWIFT_VERSION = 4.2;
				TARGETED_DEVICE_FAMILY = "1,2";
			};
			name = Release;
		};
/* End XCBuildConfiguration section */

/* Begin XCConfigurationList section */
		3E2A29B4220F6F1A00B4CFAB /* Build configuration list for PBXProject "QLDataHandler" */ = {
			isa = XCConfigurationList;
			buildConfigurations = (
				3E2A29CC220F6F1B00B4CFAB /* Debug */,
				3E2A29CD220F6F1B00B4CFAB /* Release */,
			);
			defaultConfigurationIsVisible = 0;
			defaultConfigurationName = Release;
		};
		3E2A29CE220F6F1B00B4CFAB /* Build configuration list for PBXNativeTarget "QLDataHandler" */ = {
			isa = XCConfigurationList;
			buildConfigurations = (
				3E2A29CF220F6F1B00B4CFAB /* Debug */,
				3E2A29D0220F6F1B00B4CFAB /* Release */,
			);
			defaultConfigurationIsVisible = 0;
			defaultConfigurationName = Release;
		};
		3E2A29D1220F6F1B00B4CFAB /* Build configuration list for PBXNativeTarget "QLDataHandlerTests" */ = {
			isa = XCConfigurationList;
			buildConfigurations = (
				3E2A29D2220F6F1B00B4CFAB /* Debug */,
				3E2A29D3220F6F1B00B4CFAB /* Release */,
			);
			defaultConfigurationIsVisible = 0;
			defaultConfigurationName = Release;
		};
/* End XCConfigurationList section */
	};
	rootObject = 3E2A29B1220F6F1A00B4CFAB /* Project object */;
}
